// !$*UTF8*$!
{
	archiveVersion = 1;
	classes = {
	};
	objectVersion = 46;
	objects = {

/* Begin PBXBuildFile section */
		EF07CD8A1E6B71E6004B5CF9 /* MemeTableViewCell.swift in Sources */ = {isa = PBXBuildFile; fileRef = EF07CD891E6B71E6004B5CF9 /* MemeTableViewCell.swift */; };
		EF07CD8C1E6B71EE004B5CF9 /* MemeCollectionViewCell.swift in Sources */ = {isa = PBXBuildFile; fileRef = EF07CD8B1E6B71EE004B5CF9 /* MemeCollectionViewCell.swift */; };
		EF07CD921E6B7C98004B5CF9 /* TabBarViewController.swift in Sources */ = {isa = PBXBuildFile; fileRef = EF07CD911E6B7C98004B5CF9 /* TabBarViewController.swift */; };
		EF23F4F71E679117006FEA93 /* AppDelegate.swift in Sources */ = {isa = PBXBuildFile; fileRef = EF23F4F61E679117006FEA93 /* AppDelegate.swift */; };
		EF23F4F91E679117006FEA93 /* MemeEditorViewController.swift in Sources */ = {isa = PBXBuildFile; fileRef = EF23F4F81E679117006FEA93 /* MemeEditorViewController.swift */; };
		EF23F4FC1E679117006FEA93 /* Main.storyboard in Resources */ = {isa = PBXBuildFile; fileRef = EF23F4FA1E679117006FEA93 /* Main.storyboard */; };
		EF23F4FE1E679117006FEA93 /* Assets.xcassets in Resources */ = {isa = PBXBuildFile; fileRef = EF23F4FD1E679117006FEA93 /* Assets.xcassets */; };
		EF345ADF1E6C8481007FCE6D /* MemeDetailViewController.swift in Sources */ = {isa = PBXBuildFile; fileRef = EF345ADE1E6C8481007FCE6D /* MemeDetailViewController.swift */; };
		EF6F4CD81E6BA0EC0049F7D3 /* MemeCollectionViewFlowLayout.swift in Sources */ = {isa = PBXBuildFile; fileRef = EF6F4CD71E6BA0EC0049F7D3 /* MemeCollectionViewFlowLayout.swift */; };
		EFFECFC01E6A20820047125D /* Meme.xcdatamodeld in Sources */ = {isa = PBXBuildFile; fileRef = EFFECFBE1E6A20820047125D /* Meme.xcdatamodeld */; };
		EFFECFD21E6A267D0047125D /* TableViewController.swift in Sources */ = {isa = PBXBuildFile; fileRef = EFFECFD11E6A267D0047125D /* TableViewController.swift */; };
		EFFECFD41E6A268A0047125D /* CollectionViewController.swift in Sources */ = {isa = PBXBuildFile; fileRef = EFFECFD31E6A268A0047125D /* CollectionViewController.swift */; };
		EFFECFD61E6A5FC40047125D /* CoreDataStack.swift in Sources */ = {isa = PBXBuildFile; fileRef = EFFECFD51E6A5FC40047125D /* CoreDataStack.swift */; };
		EFFECFDC1E6A72DF0047125D /* LaunchScreen.storyboard in Resources */ = {isa = PBXBuildFile; fileRef = EFFECFDB1E6A72DF0047125D /* LaunchScreen.storyboard */; };
		EFFECFDF1E6A7E800047125D /* Meme+CoreDataClass.swift in Sources */ = {isa = PBXBuildFile; fileRef = EFFECFDD1E6A7E800047125D /* Meme+CoreDataClass.swift */; };
		EFFECFE01E6A7E800047125D /* Meme+CoreDataProperties.swift in Sources */ = {isa = PBXBuildFile; fileRef = EFFECFDE1E6A7E800047125D /* Meme+CoreDataProperties.swift */; };
/* End PBXBuildFile section */

/* Begin PBXFileReference section */
		EF07CD891E6B71E6004B5CF9 /* MemeTableViewCell.swift */ = {isa = PBXFileReference; fileEncoding = 4; lastKnownFileType = sourcecode.swift; path = MemeTableViewCell.swift; sourceTree = "<group>"; };
		EF07CD8B1E6B71EE004B5CF9 /* MemeCollectionViewCell.swift */ = {isa = PBXFileReference; fileEncoding = 4; lastKnownFileType = sourcecode.swift; path = MemeCollectionViewCell.swift; sourceTree = "<group>"; };
		EF07CD911E6B7C98004B5CF9 /* TabBarViewController.swift */ = {isa = PBXFileReference; fileEncoding = 4; lastKnownFileType = sourcecode.swift; path = TabBarViewController.swift; sourceTree = "<group>"; };
		EF23F4F31E679117006FEA93 /* MemeMe.app */ = {isa = PBXFileReference; explicitFileType = wrapper.application; includeInIndex = 0; path = MemeMe.app; sourceTree = BUILT_PRODUCTS_DIR; };
		EF23F4F61E679117006FEA93 /* AppDelegate.swift */ = {isa = PBXFileReference; lastKnownFileType = sourcecode.swift; path = AppDelegate.swift; sourceTree = "<group>"; };
		EF23F4F81E679117006FEA93 /* MemeEditorViewController.swift */ = {isa = PBXFileReference; lastKnownFileType = sourcecode.swift; path = MemeEditorViewController.swift; sourceTree = "<group>"; };
		EF23F4FB1E679117006FEA93 /* Base */ = {isa = PBXFileReference; lastKnownFileType = file.storyboard; name = Base; path = Base.lproj/Main.storyboard; sourceTree = "<group>"; };
		EF23F4FD1E679117006FEA93 /* Assets.xcassets */ = {isa = PBXFileReference; lastKnownFileType = folder.assetcatalog; path = Assets.xcassets; sourceTree = "<group>"; };
		EF23F5021E679117006FEA93 /* Info.plist */ = {isa = PBXFileReference; lastKnownFileType = text.plist.xml; path = Info.plist; sourceTree = "<group>"; };
		EF345ADE1E6C8481007FCE6D /* MemeDetailViewController.swift */ = {isa = PBXFileReference; fileEncoding = 4; lastKnownFileType = sourcecode.swift; path = MemeDetailViewController.swift; sourceTree = "<group>"; };
		EF6F4CD71E6BA0EC0049F7D3 /* MemeCollectionViewFlowLayout.swift */ = {isa = PBXFileReference; fileEncoding = 4; lastKnownFileType = sourcecode.swift; path = MemeCollectionViewFlowLayout.swift; sourceTree = "<group>"; };
		EFFECFBF1E6A20820047125D /* Meme.xcdatamodel */ = {isa = PBXFileReference; lastKnownFileType = wrapper.xcdatamodel; path = Meme.xcdatamodel; sourceTree = "<group>"; };
		EFFECFD11E6A267D0047125D /* TableViewController.swift */ = {isa = PBXFileReference; fileEncoding = 4; lastKnownFileType = sourcecode.swift; path = TableViewController.swift; sourceTree = "<group>"; };
		EFFECFD31E6A268A0047125D /* CollectionViewController.swift */ = {isa = PBXFileReference; fileEncoding = 4; lastKnownFileType = sourcecode.swift; path = CollectionViewController.swift; sourceTree = "<group>"; };
		EFFECFD51E6A5FC40047125D /* CoreDataStack.swift */ = {isa = PBXFileReference; fileEncoding = 4; lastKnownFileType = sourcecode.swift; path = CoreDataStack.swift; sourceTree = "<group>"; };
		EFFECFDB1E6A72DF0047125D /* LaunchScreen.storyboard */ = {isa = PBXFileReference; fileEncoding = 4; lastKnownFileType = file.storyboard; path = LaunchScreen.storyboard; sourceTree = "<group>"; };
		EFFECFDD1E6A7E800047125D /* Meme+CoreDataClass.swift */ = {isa = PBXFileReference; fileEncoding = 4; lastKnownFileType = sourcecode.swift; path = "Meme+CoreDataClass.swift"; sourceTree = "<group>"; };
		EFFECFDE1E6A7E800047125D /* Meme+CoreDataProperties.swift */ = {isa = PBXFileReference; fileEncoding = 4; lastKnownFileType = sourcecode.swift; path = "Meme+CoreDataProperties.swift"; sourceTree = "<group>"; };
/* End PBXFileReference section */

/* Begin PBXFrameworksBuildPhase section */
		EF23F4F01E679117006FEA93 /* Frameworks */ = {
			isa = PBXFrameworksBuildPhase;
			buildActionMask = 2147483647;
			files = (
			);
			runOnlyForDeploymentPostprocessing = 0;
		};
/* End PBXFrameworksBuildPhase section */

/* Begin PBXGroup section */
		EF07CD8D1E6B7A39004B5CF9 /* ViewControllers */ = {
			isa = PBXGroup;
			children = (
				EFFECFD11E6A267D0047125D /* TableViewController.swift */,
				EFFECFD31E6A268A0047125D /* CollectionViewController.swift */,
				EF23F4F81E679117006FEA93 /* MemeEditorViewController.swift */,
				EF345ADE1E6C8481007FCE6D /* MemeDetailViewController.swift */,
				EF07CD911E6B7C98004B5CF9 /* TabBarViewController.swift */,
			);
			name = ViewControllers;
			sourceTree = "<group>";
		};
		EF07CD8E1E6B7A52004B5CF9 /* CoreData */ = {
			isa = PBXGroup;
			children = (
				EFFECFBE1E6A20820047125D /* Meme.xcdatamodeld */,
				EFFECFDD1E6A7E800047125D /* Meme+CoreDataClass.swift */,
				EFFECFDE1E6A7E800047125D /* Meme+CoreDataProperties.swift */,
				EFFECFD51E6A5FC40047125D /* CoreDataStack.swift */,
			);
			name = CoreData;
			sourceTree = "<group>";
		};
		EF07CD8F1E6B7A6F004B5CF9 /* Cells */ = {
			isa = PBXGroup;
			children = (
				EF07CD891E6B71E6004B5CF9 /* MemeTableViewCell.swift */,
				EF07CD8B1E6B71EE004B5CF9 /* MemeCollectionViewCell.swift */,
			);
			name = Cells;
			sourceTree = "<group>";
		};
		EF23F4EA1E679117006FEA93 = {
			isa = PBXGroup;
			children = (
				EF23F4F51E679117006FEA93 /* MemeMe */,
				EF23F4F41E679117006FEA93 /* Products */,
			);
			sourceTree = "<group>";
		};
		EF23F4F41E679117006FEA93 /* Products */ = {
			isa = PBXGroup;
			children = (
				EF23F4F31E679117006FEA93 /* MemeMe.app */,
			);
			name = Products;
			sourceTree = "<group>";
		};
		EF23F4F51E679117006FEA93 /* MemeMe */ = {
			isa = PBXGroup;
			children = (
				EF07CD8F1E6B7A6F004B5CF9 /* Cells */,
				EF07CD8E1E6B7A52004B5CF9 /* CoreData */,
				EF07CD8D1E6B7A39004B5CF9 /* ViewControllers */,
				EF23F4F61E679117006FEA93 /* AppDelegate.swift */,
				EF6F4CD71E6BA0EC0049F7D3 /* MemeCollectionViewFlowLayout.swift */,
				EF23F4FA1E679117006FEA93 /* Main.storyboard */,
				EFFECFDB1E6A72DF0047125D /* LaunchScreen.storyboard */,
				EF23F4FD1E679117006FEA93 /* Assets.xcassets */,
				EF23F5021E679117006FEA93 /* Info.plist */,
			);
			path = MemeMe;
			sourceTree = "<group>";
		};
/* End PBXGroup section */

/* Begin PBXNativeTarget section */
		EF23F4F21E679117006FEA93 /* MemeMe */ = {
			isa = PBXNativeTarget;
			buildConfigurationList = EF23F5051E679117006FEA93 /* Build configuration list for PBXNativeTarget "MemeMe" */;
			buildPhases = (
				EF23F4EF1E679117006FEA93 /* Sources */,
				EF23F4F01E679117006FEA93 /* Frameworks */,
				EF23F4F11E679117006FEA93 /* Resources */,
			);
			buildRules = (
			);
			dependencies = (
			);
			name = MemeMe;
			productName = MemeMe;
			productReference = EF23F4F31E679117006FEA93 /* MemeMe.app */;
			productType = "com.apple.product-type.application";
		};
/* End PBXNativeTarget section */

/* Begin PBXProject section */
		EF23F4EB1E679117006FEA93 /* Project object */ = {
			isa = PBXProject;
			attributes = {
				LastSwiftUpdateCheck = 0820;
				LastUpgradeCheck = 0820;
				ORGANIZATIONNAME = "근성가이";
				TargetAttributes = {
					EF23F4F21E679117006FEA93 = {
						CreatedOnToolsVersion = 8.2.1;
						ProvisioningStyle = Automatic;
					};
				};
			};
			buildConfigurationList = EF23F4EE1E679117006FEA93 /* Build configuration list for PBXProject "MemeMe" */;
			compatibilityVersion = "Xcode 3.2";
			developmentRegion = English;
			hasScannedForEncodings = 0;
			knownRegions = (
				en,
				Base,
			);
			mainGroup = EF23F4EA1E679117006FEA93;
			productRefGroup = EF23F4F41E679117006FEA93 /* Products */;
			projectDirPath = "";
			projectRoot = "";
			targets = (
				EF23F4F21E679117006FEA93 /* MemeMe */,
			);
		};
/* End PBXProject section */

/* Begin PBXResourcesBuildPhase section */
		EF23F4F11E679117006FEA93 /* Resources */ = {
			isa = PBXResourcesBuildPhase;
			buildActionMask = 2147483647;
			files = (
				EFFECFDC1E6A72DF0047125D /* LaunchScreen.storyboard in Resources */,
				EF23F4FE1E679117006FEA93 /* Assets.xcassets in Resources */,
				EF23F4FC1E679117006FEA93 /* Main.storyboard in Resources */,
			);
			runOnlyForDeploymentPostprocessing = 0;
		};
/* End PBXResourcesBuildPhase section */

/* Begin PBXSourcesBuildPhase section */
		EF23F4EF1E679117006FEA93 /* Sources */ = {
			isa = PBXSourcesBuildPhase;
			buildActionMask = 2147483647;
			files = (
				EF07CD8A1E6B71E6004B5CF9 /* MemeTableViewCell.swift in Sources */,
				EFFECFC01E6A20820047125D /* Meme.xcdatamodeld in Sources */,
				EFFECFE01E6A7E800047125D /* Meme+CoreDataProperties.swift in Sources */,
				EFFECFD21E6A267D0047125D /* TableViewController.swift in Sources */,
				EF345ADF1E6C8481007FCE6D /* MemeDetailViewController.swift in Sources */,
				EF23F4F91E679117006FEA93 /* MemeEditorViewController.swift in Sources */,
				EFFECFDF1E6A7E800047125D /* Meme+CoreDataClass.swift in Sources */,
				EF6F4CD81E6BA0EC0049F7D3 /* MemeCollectionViewFlowLayout.swift in Sources */,
				EF07CD8C1E6B71EE004B5CF9 /* MemeCollectionViewCell.swift in Sources */,
				EFFECFD41E6A268A0047125D /* CollectionViewController.swift in Sources */,
				EF23F4F71E679117006FEA93 /* AppDelegate.swift in Sources */,
				EF07CD921E6B7C98004B5CF9 /* TabBarViewController.swift in Sources */,
				EFFECFD61E6A5FC40047125D /* CoreDataStack.swift in Sources */,
			);
			runOnlyForDeploymentPostprocessing = 0;
		};
/* End PBXSourcesBuildPhase section */

/* Begin PBXVariantGroup section */
		EF23F4FA1E679117006FEA93 /* Main.storyboard */ = {
			isa = PBXVariantGroup;
			children = (
				EF23F4FB1E679117006FEA93 /* Base */,
			);
			name = Main.storyboard;
			sourceTree = "<group>";
		};
/* End PBXVariantGroup section */

/* Begin XCBuildConfiguration section */
		EF23F5031E679117006FEA93 /* Debug */ = {
			isa = XCBuildConfiguration;
			buildSettings = {
				ALWAYS_SEARCH_USER_PATHS = NO;
				CLANG_ANALYZER_NONNULL = YES;
				CLANG_CXX_LANGUAGE_STANDARD = "gnu++0x";
				CLANG_CXX_LIBRARY = "libc++";
				CLANG_ENABLE_MODULES = YES;
				CLANG_ENABLE_OBJC_ARC = YES;
				CLANG_WARN_BOOL_CONVERSION = YES;
				CLANG_WARN_CONSTANT_CONVERSION = YES;
				CLANG_WARN_DIRECT_OBJC_ISA_USAGE = YES_ERROR;
				CLANG_WARN_DOCUMENTATION_COMMENTS = YES;
				CLANG_WARN_EMPTY_BODY = YES;
				CLANG_WARN_ENUM_CONVERSION = YES;
				CLANG_WARN_INFINITE_RECURSION = YES;
				CLANG_WARN_INT_CONVERSION = YES;
				CLANG_WARN_OBJC_ROOT_CLASS = YES_ERROR;
				CLANG_WARN_SUSPICIOUS_MOVE = YES;
				CLANG_WARN_UNREACHABLE_CODE = YES;
				CLANG_WARN__DUPLICATE_METHOD_MATCH = YES;
				"CODE_SIGN_IDENTITY[sdk=iphoneos*]" = "iPhone Developer";
				COPY_PHASE_STRIP = NO;
				DEBUG_INFORMATION_FORMAT = dwarf;
				ENABLE_STRICT_OBJC_MSGSEND = YES;
				ENABLE_TESTABILITY = YES;
				GCC_C_LANGUAGE_STANDARD = gnu99;
				GCC_DYNAMIC_NO_PIC = NO;
				GCC_NO_COMMON_BLOCKS = YES;
				GCC_OPTIMIZATION_LEVEL = 0;
				GCC_PREPROCESSOR_DEFINITIONS = (
					"DEBUG=1",
					"$(inherited)",
				);
				GCC_WARN_64_TO_32_BIT_CONVERSION = YES;
				GCC_WARN_ABOUT_RETURN_TYPE = YES_ERROR;
				GCC_WARN_UNDECLARED_SELECTOR = YES;
				GCC_WARN_UNINITIALIZED_AUTOS = YES_AGGRESSIVE;
				GCC_WARN_UNUSED_FUNCTION = YES;
				GCC_WARN_UNUSED_VARIABLE = YES;
				IPHONEOS_DEPLOYMENT_TARGET = 10.2;
				MTL_ENABLE_DEBUG_INFO = YES;
				ONLY_ACTIVE_ARCH = YES;
				SDKROOT = iphoneos;
				SWIFT_ACTIVE_COMPILATION_CONDITIONS = DEBUG;
				SWIFT_OPTIMIZATION_LEVEL = "-Onone";
				TARGETED_DEVICE_FAMILY = "1,2";
			};
			name = Debug;
		};
		EF23F5041E679117006FEA93 /* Release */ = {
			isa = XCBuildConfiguration;
			buildSettings = {
				ALWAYS_SEARCH_USER_PATHS = NO;
				CLANG_ANALYZER_NONNULL = YES;
				CLANG_CXX_LANGUAGE_STANDARD = "gnu++0x";
				CLANG_CXX_LIBRARY = "libc++";
				CLANG_ENABLE_MODULES = YES;
				CLANG_ENABLE_OBJC_ARC = YES;
				CLANG_WARN_BOOL_CONVERSION = YES;
				CLANG_WARN_CONSTANT_CONVERSION = YES;
				CLANG_WARN_DIRECT_OBJC_ISA_USAGE = YES_ERROR;
				CLANG_WARN_DOCUMENTATION_COMMENTS = YES;
				CLANG_WARN_EMPTY_BODY = YES;
				CLANG_WARN_ENUM_CONVERSION = YES;
				CLANG_WARN_INFINITE_RECURSION = YES;
				CLANG_WARN_INT_CONVERSION = YES;
				CLANG_WARN_OBJC_ROOT_CLASS = YES_ERROR;
				CLANG_WARN_SUSPICIOUS_MOVE = YES;
				CLANG_WARN_UNREACHABLE_CODE = YES;
				CLANG_WARN__DUPLICATE_METHOD_MATCH = YES;
				"CODE_SIGN_IDENTITY[sdk=iphoneos*]" = "iPhone Developer";
				COPY_PHASE_STRIP = NO;
				DEBUG_INFORMATION_FORMAT = "dwarf-with-dsym";
				ENABLE_NS_ASSERTIONS = NO;
				ENABLE_STRICT_OBJC_MSGSEND = YES;
				GCC_C_LANGUAGE_STANDARD = gnu99;
				GCC_NO_COMMON_BLOCKS = YES;
				GCC_WARN_64_TO_32_BIT_CONVERSION = YES;
				GCC_WARN_ABOUT_RETURN_TYPE = YES_ERROR;
				GCC_WARN_UNDECLARED_SELECTOR = YES;
				GCC_WARN_UNINITIALIZED_AUTOS = YES_AGGRESSIVE;
				GCC_WARN_UNUSED_FUNCTION = YES;
				GCC_WARN_UNUSED_VARIABLE = YES;
				IPHONEOS_DEPLOYMENT_TARGET = 10.2;
				MTL_ENABLE_DEBUG_INFO = NO;
				SDKROOT = iphoneos;
				SWIFT_OPTIMIZATION_LEVEL = "-Owholemodule";
				TARGETED_DEVICE_FAMILY = "1,2";
				VALIDATE_PRODUCT = YES;
			};
			name = Release;
		};
		EF23F5061E679117006FEA93 /* Debug */ = {
			isa = XCBuildConfiguration;
			buildSettings = {
				ASSETCATALOG_COMPILER_APPICON_NAME = AppIcon;
				INFOPLIST_FILE = MemeMe/Info.plist;
				LD_RUNPATH_SEARCH_PATHS = "$(inherited) @executable_path/Frameworks";
				PRODUCT_BUNDLE_IDENTIFIER = world.hello.MemeMe;
				PRODUCT_NAME = "$(TARGET_NAME)";
				SWIFT_VERSION = 3.0;
			};
			name = Debug;
		};
		EF23F5071E679117006FEA93 /* Release */ = {
			isa = XCBuildConfiguration;
			buildSettings = {
				ASSETCATALOG_COMPILER_APPICON_NAME = AppIcon;
				INFOPLIST_FILE = MemeMe/Info.plist;
				LD_RUNPATH_SEARCH_PATHS = "$(inherited) @executable_path/Frameworks";
				PRODUCT_BUNDLE_IDENTIFIER = world.hello.MemeMe;
				PRODUCT_NAME = "$(TARGET_NAME)";
				SWIFT_VERSION = 3.0;
			};
			name = Release;
		};
/* End XCBuildConfiguration section */

/* Begin XCConfigurationList section */
		EF23F4EE1E679117006FEA93 /* Build configuration list for PBXProject "MemeMe" */ = {
			isa = XCConfigurationList;
			buildConfigurations = (
				EF23F5031E679117006FEA93 /* Debug */,
				EF23F5041E679117006FEA93 /* Release */,
			);
			defaultConfigurationIsVisible = 0;
			defaultConfigurationName = Release;
		};
		EF23F5051E679117006FEA93 /* Build configuration list for PBXNativeTarget "MemeMe" */ = {
			isa = XCConfigurationList;
			buildConfigurations = (
				EF23F5061E679117006FEA93 /* Debug */,
				EF23F5071E679117006FEA93 /* Release */,
			);
			defaultConfigurationIsVisible = 0;
			defaultConfigurationName = Release;
		};
/* End XCConfigurationList section */

/* Begin XCVersionGroup section */
		EFFECFBE1E6A20820047125D /* Meme.xcdatamodeld */ = {
			isa = XCVersionGroup;
			children = (
				EFFECFBF1E6A20820047125D /* Meme.xcdatamodel */,
			);
			currentVersion = EFFECFBF1E6A20820047125D /* Meme.xcdatamodel */;
			path = Meme.xcdatamodeld;
			sourceTree = "<group>";
			versionGroupType = wrapper.xcdatamodel;
		};
/* End XCVersionGroup section */
	};
	rootObject = EF23F4EB1E679117006FEA93 /* Project object */;
}
