// !$*UTF8*$!
{
	archiveVersion = 1;
	classes = {
	};
	objectVersion = 46;
	objects = {

/* Begin PBXBuildFile section */
		EF26C8281E72249E00C26BA4 /* NetworkConstants.swift in Sources */ = {isa = PBXBuildFile; fileRef = EF26C8271E72249E00C26BA4 /* NetworkConstants.swift */; };
		EF26C82A1E7224DA00C26BA4 /* NetworkClient.swift in Sources */ = {isa = PBXBuildFile; fileRef = EF26C8291E7224DA00C26BA4 /* NetworkClient.swift */; };
		EF26C82C1E72318D00C26BA4 /* MapViewController.swift in Sources */ = {isa = PBXBuildFile; fileRef = EF26C82B1E72318D00C26BA4 /* MapViewController.swift */; };
		EF26C82E1E7232F100C26BA4 /* MyNavigationBar.xib in Resources */ = {isa = PBXBuildFile; fileRef = EF26C82D1E7232F100C26BA4 /* MyNavigationBar.xib */; };
		EF26C8321E72342F00C26BA4 /* MyNavigationBar.swift in Sources */ = {isa = PBXBuildFile; fileRef = EF26C8311E72342F00C26BA4 /* MyNavigationBar.swift */; };
		EF26C8341E7234AB00C26BA4 /* Utilities.swift in Sources */ = {isa = PBXBuildFile; fileRef = EF26C8331E7234AB00C26BA4 /* Utilities.swift */; };
		EF26C8361E723A5900C26BA4 /* ListViewController.swift in Sources */ = {isa = PBXBuildFile; fileRef = EF26C8351E723A5900C26BA4 /* ListViewController.swift */; };
		EF26C8381E723FE500C26BA4 /* Location.swift in Sources */ = {isa = PBXBuildFile; fileRef = EF26C8371E723FE500C26BA4 /* Location.swift */; };
		EF26C83A1E72443400C26BA4 /* PostingViewController.swift in Sources */ = {isa = PBXBuildFile; fileRef = EF26C8391E72443400C26BA4 /* PostingViewController.swift */; };
		EF26C83E1E73DC9500C26BA4 /* LocationCell.swift in Sources */ = {isa = PBXBuildFile; fileRef = EF26C83D1E73DC9500C26BA4 /* LocationCell.swift */; };
		EFF27DAC1E70CBAF00559D48 /* AppDelegate.swift in Sources */ = {isa = PBXBuildFile; fileRef = EFF27DAB1E70CBAF00559D48 /* AppDelegate.swift */; };
		EFF27DAE1E70CBAF00559D48 /* LogInViewController.swift in Sources */ = {isa = PBXBuildFile; fileRef = EFF27DAD1E70CBAF00559D48 /* LogInViewController.swift */; };
		EFF27DB11E70CBAF00559D48 /* Main.storyboard in Resources */ = {isa = PBXBuildFile; fileRef = EFF27DAF1E70CBAF00559D48 /* Main.storyboard */; };
		EFF27DB31E70CBAF00559D48 /* Assets.xcassets in Resources */ = {isa = PBXBuildFile; fileRef = EFF27DB21E70CBAF00559D48 /* Assets.xcassets */; };
		EFF27DB61E70CBAF00559D48 /* LaunchScreen.storyboard in Resources */ = {isa = PBXBuildFile; fileRef = EFF27DB41E70CBAF00559D48 /* LaunchScreen.storyboard */; };
/* End PBXBuildFile section */

/* Begin PBXFileReference section */
		EF26C8271E72249E00C26BA4 /* NetworkConstants.swift */ = {isa = PBXFileReference; fileEncoding = 4; lastKnownFileType = sourcecode.swift; path = NetworkConstants.swift; sourceTree = "<group>"; };
		EF26C8291E7224DA00C26BA4 /* NetworkClient.swift */ = {isa = PBXFileReference; fileEncoding = 4; lastKnownFileType = sourcecode.swift; path = NetworkClient.swift; sourceTree = "<group>"; };
		EF26C82B1E72318D00C26BA4 /* MapViewController.swift */ = {isa = PBXFileReference; fileEncoding = 4; lastKnownFileType = sourcecode.swift; path = MapViewController.swift; sourceTree = "<group>"; };
		EF26C82D1E7232F100C26BA4 /* MyNavigationBar.xib */ = {isa = PBXFileReference; fileEncoding = 4; lastKnownFileType = file.xib; path = MyNavigationBar.xib; sourceTree = "<group>"; };
		EF26C8311E72342F00C26BA4 /* MyNavigationBar.swift */ = {isa = PBXFileReference; fileEncoding = 4; lastKnownFileType = sourcecode.swift; path = MyNavigationBar.swift; sourceTree = "<group>"; };
		EF26C8331E7234AB00C26BA4 /* Utilities.swift */ = {isa = PBXFileReference; fileEncoding = 4; lastKnownFileType = sourcecode.swift; path = Utilities.swift; sourceTree = "<group>"; };
		EF26C8351E723A5900C26BA4 /* ListViewController.swift */ = {isa = PBXFileReference; fileEncoding = 4; lastKnownFileType = sourcecode.swift; path = ListViewController.swift; sourceTree = "<group>"; };
		EF26C8371E723FE500C26BA4 /* Location.swift */ = {isa = PBXFileReference; fileEncoding = 4; lastKnownFileType = sourcecode.swift; path = Location.swift; sourceTree = "<group>"; };
		EF26C8391E72443400C26BA4 /* PostingViewController.swift */ = {isa = PBXFileReference; fileEncoding = 4; lastKnownFileType = sourcecode.swift; path = PostingViewController.swift; sourceTree = "<group>"; };
		EF26C83D1E73DC9500C26BA4 /* LocationCell.swift */ = {isa = PBXFileReference; fileEncoding = 4; lastKnownFileType = sourcecode.swift; path = LocationCell.swift; sourceTree = "<group>"; };
		EFF27DA81E70CBAF00559D48 /* OnTheMap.app */ = {isa = PBXFileReference; explicitFileType = wrapper.application; includeInIndex = 0; path = OnTheMap.app; sourceTree = BUILT_PRODUCTS_DIR; };
		EFF27DAB1E70CBAF00559D48 /* AppDelegate.swift */ = {isa = PBXFileReference; lastKnownFileType = sourcecode.swift; path = AppDelegate.swift; sourceTree = "<group>"; };
		EFF27DAD1E70CBAF00559D48 /* LogInViewController.swift */ = {isa = PBXFileReference; lastKnownFileType = sourcecode.swift; path = LogInViewController.swift; sourceTree = "<group>"; };
		EFF27DB01E70CBAF00559D48 /* Base */ = {isa = PBXFileReference; lastKnownFileType = file.storyboard; name = Base; path = Base.lproj/Main.storyboard; sourceTree = "<group>"; };
		EFF27DB21E70CBAF00559D48 /* Assets.xcassets */ = {isa = PBXFileReference; lastKnownFileType = folder.assetcatalog; path = Assets.xcassets; sourceTree = "<group>"; };
		EFF27DB51E70CBAF00559D48 /* Base */ = {isa = PBXFileReference; lastKnownFileType = file.storyboard; name = Base; path = Base.lproj/LaunchScreen.storyboard; sourceTree = "<group>"; };
		EFF27DB71E70CBAF00559D48 /* Info.plist */ = {isa = PBXFileReference; lastKnownFileType = text.plist.xml; path = Info.plist; sourceTree = "<group>"; };
/* End PBXFileReference section */

/* Begin PBXFrameworksBuildPhase section */
		EFF27DA51E70CBAF00559D48 /* Frameworks */ = {
			isa = PBXFrameworksBuildPhase;
			buildActionMask = 2147483647;
			files = (
			);
			runOnlyForDeploymentPostprocessing = 0;
		};
/* End PBXFrameworksBuildPhase section */

/* Begin PBXGroup section */
		EF1D66531E74EE8300C11C0E /* Model */ = {
			isa = PBXGroup;
			children = (
				EF26C8371E723FE500C26BA4 /* Location.swift */,
				EF26C8291E7224DA00C26BA4 /* NetworkClient.swift */,
				EF26C8271E72249E00C26BA4 /* NetworkConstants.swift */,
			);
			name = Model;
			sourceTree = "<group>";
		};
		EF1D66541E74EE8700C11C0E /* View */ = {
			isa = PBXGroup;
			children = (
				EF26C82D1E7232F100C26BA4 /* MyNavigationBar.xib */,
				EF26C8311E72342F00C26BA4 /* MyNavigationBar.swift */,
				EF26C83D1E73DC9500C26BA4 /* LocationCell.swift */,
			);
			name = View;
			sourceTree = "<group>";
		};
		EF1D66551E74EE8E00C11C0E /* Controller */ = {
			isa = PBXGroup;
			children = (
				EFF27DAD1E70CBAF00559D48 /* LogInViewController.swift */,
				EF26C82B1E72318D00C26BA4 /* MapViewController.swift */,
				EF26C8351E723A5900C26BA4 /* ListViewController.swift */,
				EF26C8391E72443400C26BA4 /* PostingViewController.swift */,
			);
			name = Controller;
			sourceTree = "<group>";
		};
		EFF27D9F1E70CBAF00559D48 = {
			isa = PBXGroup;
			children = (
				EFF27DAA1E70CBAF00559D48 /* OnTheMap */,
				EFF27DA91E70CBAF00559D48 /* Products */,
			);
			sourceTree = "<group>";
		};
		EFF27DA91E70CBAF00559D48 /* Products */ = {
			isa = PBXGroup;
			children = (
				EFF27DA81E70CBAF00559D48 /* OnTheMap.app */,
			);
			name = Products;
			sourceTree = "<group>";
		};
		EFF27DAA1E70CBAF00559D48 /* OnTheMap */ = {
			isa = PBXGroup;
			children = (
				EFF27DAB1E70CBAF00559D48 /* AppDelegate.swift */,
				EF26C8331E7234AB00C26BA4 /* Utilities.swift */,
				EF1D66531E74EE8300C11C0E /* Model */,
				EF1D66541E74EE8700C11C0E /* View */,
				EF1D66551E74EE8E00C11C0E /* Controller */,
				EFF27DAF1E70CBAF00559D48 /* Main.storyboard */,
				EFF27DB21E70CBAF00559D48 /* Assets.xcassets */,
				EFF27DB41E70CBAF00559D48 /* LaunchScreen.storyboard */,
				EFF27DB71E70CBAF00559D48 /* Info.plist */,
			);
			path = OnTheMap;
			sourceTree = "<group>";
		};
/* End PBXGroup section */

/* Begin PBXNativeTarget section */
		EFF27DA71E70CBAF00559D48 /* OnTheMap */ = {
			isa = PBXNativeTarget;
			buildConfigurationList = EFF27DBA1E70CBAF00559D48 /* Build configuration list for PBXNativeTarget "OnTheMap" */;
			buildPhases = (
				EFF27DA41E70CBAF00559D48 /* Sources */,
				EFF27DA51E70CBAF00559D48 /* Frameworks */,
				EFF27DA61E70CBAF00559D48 /* Resources */,
			);
			buildRules = (
			);
			dependencies = (
			);
			name = OnTheMap;
			productName = OnTheMap;
			productReference = EFF27DA81E70CBAF00559D48 /* OnTheMap.app */;
			productType = "com.apple.product-type.application";
		};
/* End PBXNativeTarget section */

/* Begin PBXProject section */
		EFF27DA01E70CBAF00559D48 /* Project object */ = {
			isa = PBXProject;
			attributes = {
				LastSwiftUpdateCheck = 0820;
				LastUpgradeCheck = 0820;
				ORGANIZATIONNAME = "근성가이";
				TargetAttributes = {
					EFF27DA71E70CBAF00559D48 = {
						CreatedOnToolsVersion = 8.2.1;
						ProvisioningStyle = Automatic;
					};
				};
			};
			buildConfigurationList = EFF27DA31E70CBAF00559D48 /* Build configuration list for PBXProject "OnTheMap" */;
			compatibilityVersion = "Xcode 3.2";
			developmentRegion = English;
			hasScannedForEncodings = 0;
			knownRegions = (
				en,
				Base,
			);
			mainGroup = EFF27D9F1E70CBAF00559D48;
			productRefGroup = EFF27DA91E70CBAF00559D48 /* Products */;
			projectDirPath = "";
			projectRoot = "";
			targets = (
				EFF27DA71E70CBAF00559D48 /* OnTheMap */,
			);
		};
/* End PBXProject section */

/* Begin PBXResourcesBuildPhase section */
		EFF27DA61E70CBAF00559D48 /* Resources */ = {
			isa = PBXResourcesBuildPhase;
			buildActionMask = 2147483647;
			files = (
				EFF27DB61E70CBAF00559D48 /* LaunchScreen.storyboard in Resources */,
				EFF27DB31E70CBAF00559D48 /* Assets.xcassets in Resources */,
				EF26C82E1E7232F100C26BA4 /* MyNavigationBar.xib in Resources */,
				EFF27DB11E70CBAF00559D48 /* Main.storyboard in Resources */,
			);
			runOnlyForDeploymentPostprocessing = 0;
		};
/* End PBXResourcesBuildPhase section */

/* Begin PBXSourcesBuildPhase section */
		EFF27DA41E70CBAF00559D48 /* Sources */ = {
			isa = PBXSourcesBuildPhase;
			buildActionMask = 2147483647;
			files = (
				EF26C82A1E7224DA00C26BA4 /* NetworkClient.swift in Sources */,
				EFF27DAE1E70CBAF00559D48 /* LogInViewController.swift in Sources */,
				EF26C8341E7234AB00C26BA4 /* Utilities.swift in Sources */,
				EFF27DAC1E70CBAF00559D48 /* AppDelegate.swift in Sources */,
				EF26C8381E723FE500C26BA4 /* Location.swift in Sources */,
				EF26C82C1E72318D00C26BA4 /* MapViewController.swift in Sources */,
				EF26C83E1E73DC9500C26BA4 /* LocationCell.swift in Sources */,
				EF26C8281E72249E00C26BA4 /* NetworkConstants.swift in Sources */,
				EF26C8361E723A5900C26BA4 /* ListViewController.swift in Sources */,
				EF26C8321E72342F00C26BA4 /* MyNavigationBar.swift in Sources */,
				EF26C83A1E72443400C26BA4 /* PostingViewController.swift in Sources */,
			);
			runOnlyForDeploymentPostprocessing = 0;
		};
/* End PBXSourcesBuildPhase section */

/* Begin PBXVariantGroup section */
		EFF27DAF1E70CBAF00559D48 /* Main.storyboard */ = {
			isa = PBXVariantGroup;
			children = (
				EFF27DB01E70CBAF00559D48 /* Base */,
			);
			name = Main.storyboard;
			sourceTree = "<group>";
		};
		EFF27DB41E70CBAF00559D48 /* LaunchScreen.storyboard */ = {
			isa = PBXVariantGroup;
			children = (
				EFF27DB51E70CBAF00559D48 /* Base */,
			);
			name = LaunchScreen.storyboard;
			sourceTree = "<group>";
		};
/* End PBXVariantGroup section */

/* Begin XCBuildConfiguration section */
		EFF27DB81E70CBAF00559D48 /* Debug */ = {
			isa = XCBuildConfiguration;
			buildSettings = {
				ALWAYS_SEARCH_USER_PATHS = NO;
				CLANG_ANALYZER_NONNULL = YES;
				CLANG_CXX_LANGUAGE_STANDARD = "gnu++0x";
				CLANG_CXX_LIBRARY = "libc++";
				CLANG_ENABLE_MODULES = YES;
				CLANG_ENABLE_OBJC_ARC = YES;
				CLANG_WARN_BOOL_CONVERSION = YES;
				CLANG_WARN_CONSTANT_CONVERSION = YES;
				CLANG_WARN_DIRECT_OBJC_ISA_USAGE = YES_ERROR;
				CLANG_WARN_DOCUMENTATION_COMMENTS = YES;
				CLANG_WARN_EMPTY_BODY = YES;
				CLANG_WARN_ENUM_CONVERSION = YES;
				CLANG_WARN_INFINITE_RECURSION = YES;
				CLANG_WARN_INT_CONVERSION = YES;
				CLANG_WARN_OBJC_ROOT_CLASS = YES_ERROR;
				CLANG_WARN_SUSPICIOUS_MOVE = YES;
				CLANG_WARN_UNREACHABLE_CODE = YES;
				CLANG_WARN__DUPLICATE_METHOD_MATCH = YES;
				"CODE_SIGN_IDENTITY[sdk=iphoneos*]" = "iPhone Developer";
				COPY_PHASE_STRIP = NO;
				DEBUG_INFORMATION_FORMAT = dwarf;
				ENABLE_STRICT_OBJC_MSGSEND = YES;
				ENABLE_TESTABILITY = YES;
				GCC_C_LANGUAGE_STANDARD = gnu99;
				GCC_DYNAMIC_NO_PIC = NO;
				GCC_NO_COMMON_BLOCKS = YES;
				GCC_OPTIMIZATION_LEVEL = 0;
				GCC_PREPROCESSOR_DEFINITIONS = (
					"DEBUG=1",
					"$(inherited)",
				);
				GCC_WARN_64_TO_32_BIT_CONVERSION = YES;
				GCC_WARN_ABOUT_RETURN_TYPE = YES_ERROR;
				GCC_WARN_UNDECLARED_SELECTOR = YES;
				GCC_WARN_UNINITIALIZED_AUTOS = YES_AGGRESSIVE;
				GCC_WARN_UNUSED_FUNCTION = YES;
				GCC_WARN_UNUSED_VARIABLE = YES;
				IPHONEOS_DEPLOYMENT_TARGET = 10.2;
				MTL_ENABLE_DEBUG_INFO = YES;
				ONLY_ACTIVE_ARCH = YES;
				SDKROOT = iphoneos;
				SWIFT_ACTIVE_COMPILATION_CONDITIONS = DEBUG;
				SWIFT_OPTIMIZATION_LEVEL = "-Onone";
				TARGETED_DEVICE_FAMILY = "1,2";
			};
			name = Debug;
		};
		EFF27DB91E70CBAF00559D48 /* Release */ = {
			isa = XCBuildConfiguration;
			buildSettings = {
				ALWAYS_SEARCH_USER_PATHS = NO;
				CLANG_ANALYZER_NONNULL = YES;
				CLANG_CXX_LANGUAGE_STANDARD = "gnu++0x";
				CLANG_CXX_LIBRARY = "libc++";
				CLANG_ENABLE_MODULES = YES;
				CLANG_ENABLE_OBJC_ARC = YES;
				CLANG_WARN_BOOL_CONVERSION = YES;
				CLANG_WARN_CONSTANT_CONVERSION = YES;
				CLANG_WARN_DIRECT_OBJC_ISA_USAGE = YES_ERROR;
				CLANG_WARN_DOCUMENTATION_COMMENTS = YES;
				CLANG_WARN_EMPTY_BODY = YES;
				CLANG_WARN_ENUM_CONVERSION = YES;
				CLANG_WARN_INFINITE_RECURSION = YES;
				CLANG_WARN_INT_CONVERSION = YES;
				CLANG_WARN_OBJC_ROOT_CLASS = YES_ERROR;
				CLANG_WARN_SUSPICIOUS_MOVE = YES;
				CLANG_WARN_UNREACHABLE_CODE = YES;
				CLANG_WARN__DUPLICATE_METHOD_MATCH = YES;
				"CODE_SIGN_IDENTITY[sdk=iphoneos*]" = "iPhone Developer";
				COPY_PHASE_STRIP = NO;
				DEBUG_INFORMATION_FORMAT = "dwarf-with-dsym";
				ENABLE_NS_ASSERTIONS = NO;
				ENABLE_STRICT_OBJC_MSGSEND = YES;
				GCC_C_LANGUAGE_STANDARD = gnu99;
				GCC_NO_COMMON_BLOCKS = YES;
				GCC_WARN_64_TO_32_BIT_CONVERSION = YES;
				GCC_WARN_ABOUT_RETURN_TYPE = YES_ERROR;
				GCC_WARN_UNDECLARED_SELECTOR = YES;
				GCC_WARN_UNINITIALIZED_AUTOS = YES_AGGRESSIVE;
				GCC_WARN_UNUSED_FUNCTION = YES;
				GCC_WARN_UNUSED_VARIABLE = YES;
				IPHONEOS_DEPLOYMENT_TARGET = 10.2;
				MTL_ENABLE_DEBUG_INFO = NO;
				SDKROOT = iphoneos;
				SWIFT_OPTIMIZATION_LEVEL = "-Owholemodule";
				TARGETED_DEVICE_FAMILY = "1,2";
				VALIDATE_PRODUCT = YES;
			};
			name = Release;
		};
		EFF27DBB1E70CBAF00559D48 /* Debug */ = {
			isa = XCBuildConfiguration;
			buildSettings = {
				ASSETCATALOG_COMPILER_APPICON_NAME = AppIcon;
				INFOPLIST_FILE = OnTheMap/Info.plist;
				LD_RUNPATH_SEARCH_PATHS = "$(inherited) @executable_path/Frameworks";
				PRODUCT_BUNDLE_IDENTIFIER = world.hello.OnTheMap;
				PRODUCT_NAME = "$(TARGET_NAME)";
				SWIFT_VERSION = 3.0;
			};
			name = Debug;
		};
		EFF27DBC1E70CBAF00559D48 /* Release */ = {
			isa = XCBuildConfiguration;
			buildSettings = {
				ASSETCATALOG_COMPILER_APPICON_NAME = AppIcon;
				INFOPLIST_FILE = OnTheMap/Info.plist;
				LD_RUNPATH_SEARCH_PATHS = "$(inherited) @executable_path/Frameworks";
				PRODUCT_BUNDLE_IDENTIFIER = world.hello.OnTheMap;
				PRODUCT_NAME = "$(TARGET_NAME)";
				SWIFT_VERSION = 3.0;
			};
			name = Release;
		};
/* End XCBuildConfiguration section */

/* Begin XCConfigurationList section */
		EFF27DA31E70CBAF00559D48 /* Build configuration list for PBXProject "OnTheMap" */ = {
			isa = XCConfigurationList;
			buildConfigurations = (
				EFF27DB81E70CBAF00559D48 /* Debug */,
				EFF27DB91E70CBAF00559D48 /* Release */,
			);
			defaultConfigurationIsVisible = 0;
			defaultConfigurationName = Release;
		};
		EFF27DBA1E70CBAF00559D48 /* Build configuration list for PBXNativeTarget "OnTheMap" */ = {
			isa = XCConfigurationList;
			buildConfigurations = (
				EFF27DBB1E70CBAF00559D48 /* Debug */,
				EFF27DBC1E70CBAF00559D48 /* Release */,
			);
			defaultConfigurationIsVisible = 0;
			defaultConfigurationName = Release;
		};
/* End XCConfigurationList section */
	};
	rootObject = EFF27DA01E70CBAF00559D48 /* Project object */;
}
