// !$*UTF8*$!
{
	archiveVersion = 1;
	classes = {
	};
	objectVersion = 46;
	objects = {

/* Begin PBXBuildFile section */
		EF9BB0391E7621AA0074DD32 /* AppDelegate.swift in Sources */ = {isa = PBXBuildFile; fileRef = EF9BB0381E7621AA0074DD32 /* AppDelegate.swift */; };
		EF9BB03B1E7621AA0074DD32 /* MapViewController.swift in Sources */ = {isa = PBXBuildFile; fileRef = EF9BB03A1E7621AA0074DD32 /* MapViewController.swift */; };
		EF9BB03E1E7621AA0074DD32 /* Main.storyboard in Resources */ = {isa = PBXBuildFile; fileRef = EF9BB03C1E7621AA0074DD32 /* Main.storyboard */; };
		EF9BB0401E7621AA0074DD32 /* Assets.xcassets in Resources */ = {isa = PBXBuildFile; fileRef = EF9BB03F1E7621AA0074DD32 /* Assets.xcassets */; };
		EF9BB0431E7621AA0074DD32 /* LaunchScreen.storyboard in Resources */ = {isa = PBXBuildFile; fileRef = EF9BB0411E7621AA0074DD32 /* LaunchScreen.storyboard */; };
		EF9BB04B1E763B300074DD32 /* PhotoAlbumViewController.swift in Sources */ = {isa = PBXBuildFile; fileRef = EF9BB04A1E763B300074DD32 /* PhotoAlbumViewController.swift */; };
		EF9BB04D1E763D4E0074DD32 /* PhotoAlbumCollectionViewFlowLayout.swift in Sources */ = {isa = PBXBuildFile; fileRef = EF9BB04C1E763D4E0074DD32 /* PhotoAlbumCollectionViewFlowLayout.swift */; };
		EF9BB0501E763F0B0074DD32 /* VirtualTourist.xcdatamodeld in Sources */ = {isa = PBXBuildFile; fileRef = EF9BB04E1E763F0B0074DD32 /* VirtualTourist.xcdatamodeld */; };
		EF9BB06E1E7642A90074DD32 /* Annotation+CoreDataClass.swift in Sources */ = {isa = PBXBuildFile; fileRef = EF9BB06A1E7642A90074DD32 /* Annotation+CoreDataClass.swift */; };
		EF9BB06F1E7642A90074DD32 /* Annotation+CoreDataProperties.swift in Sources */ = {isa = PBXBuildFile; fileRef = EF9BB06B1E7642A90074DD32 /* Annotation+CoreDataProperties.swift */; };
		EF9BB0701E7642A90074DD32 /* Photos+CoreDataClass.swift in Sources */ = {isa = PBXBuildFile; fileRef = EF9BB06C1E7642A90074DD32 /* Photos+CoreDataClass.swift */; };
		EF9BB0711E7642A90074DD32 /* Photos+CoreDataProperties.swift in Sources */ = {isa = PBXBuildFile; fileRef = EF9BB06D1E7642A90074DD32 /* Photos+CoreDataProperties.swift */; };
		EF9BB0761E76433C0074DD32 /* FlickrClient.swift in Sources */ = {isa = PBXBuildFile; fileRef = EF9BB0751E76433C0074DD32 /* FlickrClient.swift */; };
		EFF4C7C91E771A8700754372 /* CoreDataStack.swift in Sources */ = {isa = PBXBuildFile; fileRef = EFF4C7C81E771A8700754372 /* CoreDataStack.swift */; };
		EFF4C7CB1E771CBB00754372 /* Utilities.swift in Sources */ = {isa = PBXBuildFile; fileRef = EFF4C7CA1E771CBB00754372 /* Utilities.swift */; };
		EFF4C7CD1E7728C000754372 /* PhotoAlbumCollectionViewCell.swift in Sources */ = {isa = PBXBuildFile; fileRef = EFF4C7CC1E7728C000754372 /* PhotoAlbumCollectionViewCell.swift */; };
/* End PBXBuildFile section */

/* Begin PBXFileReference section */
		EF9BB0351E7621AA0074DD32 /* VirtualTourist.app */ = {isa = PBXFileReference; explicitFileType = wrapper.application; includeInIndex = 0; path = VirtualTourist.app; sourceTree = BUILT_PRODUCTS_DIR; };
		EF9BB0381E7621AA0074DD32 /* AppDelegate.swift */ = {isa = PBXFileReference; lastKnownFileType = sourcecode.swift; path = AppDelegate.swift; sourceTree = "<group>"; };
		EF9BB03A1E7621AA0074DD32 /* MapViewController.swift */ = {isa = PBXFileReference; lastKnownFileType = sourcecode.swift; path = MapViewController.swift; sourceTree = "<group>"; };
		EF9BB03D1E7621AA0074DD32 /* Base */ = {isa = PBXFileReference; lastKnownFileType = file.storyboard; name = Base; path = Base.lproj/Main.storyboard; sourceTree = "<group>"; };
		EF9BB03F1E7621AA0074DD32 /* Assets.xcassets */ = {isa = PBXFileReference; lastKnownFileType = folder.assetcatalog; path = Assets.xcassets; sourceTree = "<group>"; };
		EF9BB0421E7621AA0074DD32 /* Base */ = {isa = PBXFileReference; lastKnownFileType = file.storyboard; name = Base; path = Base.lproj/LaunchScreen.storyboard; sourceTree = "<group>"; };
		EF9BB0441E7621AA0074DD32 /* Info.plist */ = {isa = PBXFileReference; lastKnownFileType = text.plist.xml; path = Info.plist; sourceTree = "<group>"; };
		EF9BB04A1E763B300074DD32 /* PhotoAlbumViewController.swift */ = {isa = PBXFileReference; fileEncoding = 4; lastKnownFileType = sourcecode.swift; path = PhotoAlbumViewController.swift; sourceTree = "<group>"; };
		EF9BB04C1E763D4E0074DD32 /* PhotoAlbumCollectionViewFlowLayout.swift */ = {isa = PBXFileReference; fileEncoding = 4; lastKnownFileType = sourcecode.swift; path = PhotoAlbumCollectionViewFlowLayout.swift; sourceTree = "<group>"; };
		EF9BB04F1E763F0B0074DD32 /* VirtualTourist.xcdatamodel */ = {isa = PBXFileReference; lastKnownFileType = wrapper.xcdatamodel; path = VirtualTourist.xcdatamodel; sourceTree = "<group>"; };
		EF9BB06A1E7642A90074DD32 /* Annotation+CoreDataClass.swift */ = {isa = PBXFileReference; fileEncoding = 4; lastKnownFileType = sourcecode.swift; path = "Annotation+CoreDataClass.swift"; sourceTree = "<group>"; };
		EF9BB06B1E7642A90074DD32 /* Annotation+CoreDataProperties.swift */ = {isa = PBXFileReference; fileEncoding = 4; lastKnownFileType = sourcecode.swift; path = "Annotation+CoreDataProperties.swift"; sourceTree = "<group>"; };
		EF9BB06C1E7642A90074DD32 /* Photos+CoreDataClass.swift */ = {isa = PBXFileReference; fileEncoding = 4; lastKnownFileType = sourcecode.swift; path = "Photos+CoreDataClass.swift"; sourceTree = "<group>"; };
		EF9BB06D1E7642A90074DD32 /* Photos+CoreDataProperties.swift */ = {isa = PBXFileReference; fileEncoding = 4; lastKnownFileType = sourcecode.swift; path = "Photos+CoreDataProperties.swift"; sourceTree = "<group>"; };
		EF9BB0751E76433C0074DD32 /* FlickrClient.swift */ = {isa = PBXFileReference; fileEncoding = 4; lastKnownFileType = sourcecode.swift; path = FlickrClient.swift; sourceTree = "<group>"; };
		EFF4C7C81E771A8700754372 /* CoreDataStack.swift */ = {isa = PBXFileReference; fileEncoding = 4; lastKnownFileType = sourcecode.swift; path = CoreDataStack.swift; sourceTree = "<group>"; };
		EFF4C7CA1E771CBB00754372 /* Utilities.swift */ = {isa = PBXFileReference; fileEncoding = 4; lastKnownFileType = sourcecode.swift; path = Utilities.swift; sourceTree = "<group>"; };
		EFF4C7CC1E7728C000754372 /* PhotoAlbumCollectionViewCell.swift */ = {isa = PBXFileReference; fileEncoding = 4; lastKnownFileType = sourcecode.swift; path = PhotoAlbumCollectionViewCell.swift; sourceTree = "<group>"; };
/* End PBXFileReference section */

/* Begin PBXFrameworksBuildPhase section */
		EF9BB0321E7621AA0074DD32 /* Frameworks */ = {
			isa = PBXFrameworksBuildPhase;
			buildActionMask = 2147483647;
			files = (
			);
			runOnlyForDeploymentPostprocessing = 0;
		};
/* End PBXFrameworksBuildPhase section */

/* Begin PBXGroup section */
		EF9BB02C1E7621AA0074DD32 = {
			isa = PBXGroup;
			children = (
				EF9BB0371E7621AA0074DD32 /* VirtualTourist */,
				EF9BB0361E7621AA0074DD32 /* Products */,
			);
			sourceTree = "<group>";
		};
		EF9BB0361E7621AA0074DD32 /* Products */ = {
			isa = PBXGroup;
			children = (
				EF9BB0351E7621AA0074DD32 /* VirtualTourist.app */,
			);
			name = Products;
			sourceTree = "<group>";
		};
		EF9BB0371E7621AA0074DD32 /* VirtualTourist */ = {
			isa = PBXGroup;
			children = (
				EF9BB0741E7643220074DD32 /* Model */,
				EF9BB0731E76431F0074DD32 /* View */,
				EF9BB0721E7643140074DD32 /* Controller */,
				EF9BB0381E7621AA0074DD32 /* AppDelegate.swift */,
				EFF4C7CA1E771CBB00754372 /* Utilities.swift */,
				EF9BB03C1E7621AA0074DD32 /* Main.storyboard */,
				EF9BB03F1E7621AA0074DD32 /* Assets.xcassets */,
				EF9BB0411E7621AA0074DD32 /* LaunchScreen.storyboard */,
				EF9BB0441E7621AA0074DD32 /* Info.plist */,
			);
			path = VirtualTourist;
			sourceTree = "<group>";
		};
		EF9BB0591E7640370074DD32 /* CoreData */ = {
			isa = PBXGroup;
			children = (
				EF9BB06A1E7642A90074DD32 /* Annotation+CoreDataClass.swift */,
				EF9BB06B1E7642A90074DD32 /* Annotation+CoreDataProperties.swift */,
				EF9BB06C1E7642A90074DD32 /* Photos+CoreDataClass.swift */,
				EF9BB06D1E7642A90074DD32 /* Photos+CoreDataProperties.swift */,
				EFF4C7C81E771A8700754372 /* CoreDataStack.swift */,
				EF9BB04E1E763F0B0074DD32 /* VirtualTourist.xcdatamodeld */,
			);
			name = CoreData;
			sourceTree = "<group>";
		};
		EF9BB0721E7643140074DD32 /* Controller */ = {
			isa = PBXGroup;
			children = (
				EF9BB03A1E7621AA0074DD32 /* MapViewController.swift */,
				EF9BB04A1E763B300074DD32 /* PhotoAlbumViewController.swift */,
			);
			name = Controller;
			sourceTree = "<group>";
		};
		EF9BB0731E76431F0074DD32 /* View */ = {
			isa = PBXGroup;
			children = (
				EF9BB04C1E763D4E0074DD32 /* PhotoAlbumCollectionViewFlowLayout.swift */,
				EFF4C7CC1E7728C000754372 /* PhotoAlbumCollectionViewCell.swift */,
			);
			name = View;
			sourceTree = "<group>";
		};
		EF9BB0741E7643220074DD32 /* Model */ = {
			isa = PBXGroup;
			children = (
				EF9BB0591E7640370074DD32 /* CoreData */,
				EF9BB0751E76433C0074DD32 /* FlickrClient.swift */,
			);
			name = Model;
			sourceTree = "<group>";
		};
/* End PBXGroup section */

/* Begin PBXNativeTarget section */
		EF9BB0341E7621AA0074DD32 /* VirtualTourist */ = {
			isa = PBXNativeTarget;
			buildConfigurationList = EF9BB0471E7621AA0074DD32 /* Build configuration list for PBXNativeTarget "VirtualTourist" */;
			buildPhases = (
				EF9BB0311E7621AA0074DD32 /* Sources */,
				EF9BB0321E7621AA0074DD32 /* Frameworks */,
				EF9BB0331E7621AA0074DD32 /* Resources */,
			);
			buildRules = (
			);
			dependencies = (
			);
			name = VirtualTourist;
			productName = VirtualTourist;
			productReference = EF9BB0351E7621AA0074DD32 /* VirtualTourist.app */;
			productType = "com.apple.product-type.application";
		};
/* End PBXNativeTarget section */

/* Begin PBXProject section */
		EF9BB02D1E7621AA0074DD32 /* Project object */ = {
			isa = PBXProject;
			attributes = {
				LastSwiftUpdateCheck = 0820;
				LastUpgradeCheck = 0820;
				ORGANIZATIONNAME = "근성가이";
				TargetAttributes = {
					EF9BB0341E7621AA0074DD32 = {
						CreatedOnToolsVersion = 8.2.1;
						ProvisioningStyle = Automatic;
					};
				};
			};
			buildConfigurationList = EF9BB0301E7621AA0074DD32 /* Build configuration list for PBXProject "VirtualTourist" */;
			compatibilityVersion = "Xcode 3.2";
			developmentRegion = English;
			hasScannedForEncodings = 0;
			knownRegions = (
				en,
				Base,
			);
			mainGroup = EF9BB02C1E7621AA0074DD32;
			productRefGroup = EF9BB0361E7621AA0074DD32 /* Products */;
			projectDirPath = "";
			projectRoot = "";
			targets = (
				EF9BB0341E7621AA0074DD32 /* VirtualTourist */,
			);
		};
/* End PBXProject section */

/* Begin PBXResourcesBuildPhase section */
		EF9BB0331E7621AA0074DD32 /* Resources */ = {
			isa = PBXResourcesBuildPhase;
			buildActionMask = 2147483647;
			files = (
				EF9BB0431E7621AA0074DD32 /* LaunchScreen.storyboard in Resources */,
				EF9BB0401E7621AA0074DD32 /* Assets.xcassets in Resources */,
				EF9BB03E1E7621AA0074DD32 /* Main.storyboard in Resources */,
			);
			runOnlyForDeploymentPostprocessing = 0;
		};
/* End PBXResourcesBuildPhase section */

/* Begin PBXSourcesBuildPhase section */
		EF9BB0311E7621AA0074DD32 /* Sources */ = {
			isa = PBXSourcesBuildPhase;
			buildActionMask = 2147483647;
			files = (
				EF9BB06E1E7642A90074DD32 /* Annotation+CoreDataClass.swift in Sources */,
				EF9BB0761E76433C0074DD32 /* FlickrClient.swift in Sources */,
				EFF4C7C91E771A8700754372 /* CoreDataStack.swift in Sources */,
				EFF4C7CB1E771CBB00754372 /* Utilities.swift in Sources */,
				EF9BB03B1E7621AA0074DD32 /* MapViewController.swift in Sources */,
				EF9BB0501E763F0B0074DD32 /* VirtualTourist.xcdatamodeld in Sources */,
				EF9BB0391E7621AA0074DD32 /* AppDelegate.swift in Sources */,
				EF9BB04B1E763B300074DD32 /* PhotoAlbumViewController.swift in Sources */,
				EF9BB06F1E7642A90074DD32 /* Annotation+CoreDataProperties.swift in Sources */,
				EF9BB0701E7642A90074DD32 /* Photos+CoreDataClass.swift in Sources */,
				EF9BB04D1E763D4E0074DD32 /* PhotoAlbumCollectionViewFlowLayout.swift in Sources */,
				EF9BB0711E7642A90074DD32 /* Photos+CoreDataProperties.swift in Sources */,
				EFF4C7CD1E7728C000754372 /* PhotoAlbumCollectionViewCell.swift in Sources */,
			);
			runOnlyForDeploymentPostprocessing = 0;
		};
/* End PBXSourcesBuildPhase section */

/* Begin PBXVariantGroup section */
		EF9BB03C1E7621AA0074DD32 /* Main.storyboard */ = {
			isa = PBXVariantGroup;
			children = (
				EF9BB03D1E7621AA0074DD32 /* Base */,
			);
			name = Main.storyboard;
			sourceTree = "<group>";
		};
		EF9BB0411E7621AA0074DD32 /* LaunchScreen.storyboard */ = {
			isa = PBXVariantGroup;
			children = (
				EF9BB0421E7621AA0074DD32 /* Base */,
			);
			name = LaunchScreen.storyboard;
			sourceTree = "<group>";
		};
/* End PBXVariantGroup section */

/* Begin XCBuildConfiguration section */
		EF9BB0451E7621AA0074DD32 /* Debug */ = {
			isa = XCBuildConfiguration;
			buildSettings = {
				ALWAYS_SEARCH_USER_PATHS = NO;
				CLANG_ANALYZER_NONNULL = YES;
				CLANG_CXX_LANGUAGE_STANDARD = "gnu++0x";
				CLANG_CXX_LIBRARY = "libc++";
				CLANG_ENABLE_MODULES = YES;
				CLANG_ENABLE_OBJC_ARC = YES;
				CLANG_WARN_BOOL_CONVERSION = YES;
				CLANG_WARN_CONSTANT_CONVERSION = YES;
				CLANG_WARN_DIRECT_OBJC_ISA_USAGE = YES_ERROR;
				CLANG_WARN_DOCUMENTATION_COMMENTS = YES;
				CLANG_WARN_EMPTY_BODY = YES;
				CLANG_WARN_ENUM_CONVERSION = YES;
				CLANG_WARN_INFINITE_RECURSION = YES;
				CLANG_WARN_INT_CONVERSION = YES;
				CLANG_WARN_OBJC_ROOT_CLASS = YES_ERROR;
				CLANG_WARN_SUSPICIOUS_MOVE = YES;
				CLANG_WARN_UNREACHABLE_CODE = YES;
				CLANG_WARN__DUPLICATE_METHOD_MATCH = YES;
				"CODE_SIGN_IDENTITY[sdk=iphoneos*]" = "iPhone Developer";
				COPY_PHASE_STRIP = NO;
				DEBUG_INFORMATION_FORMAT = dwarf;
				ENABLE_STRICT_OBJC_MSGSEND = YES;
				ENABLE_TESTABILITY = YES;
				GCC_C_LANGUAGE_STANDARD = gnu99;
				GCC_DYNAMIC_NO_PIC = NO;
				GCC_NO_COMMON_BLOCKS = YES;
				GCC_OPTIMIZATION_LEVEL = 0;
				GCC_PREPROCESSOR_DEFINITIONS = (
					"DEBUG=1",
					"$(inherited)",
				);
				GCC_WARN_64_TO_32_BIT_CONVERSION = YES;
				GCC_WARN_ABOUT_RETURN_TYPE = YES_ERROR;
				GCC_WARN_UNDECLARED_SELECTOR = YES;
				GCC_WARN_UNINITIALIZED_AUTOS = YES_AGGRESSIVE;
				GCC_WARN_UNUSED_FUNCTION = YES;
				GCC_WARN_UNUSED_VARIABLE = YES;
				IPHONEOS_DEPLOYMENT_TARGET = 10.2;
				MTL_ENABLE_DEBUG_INFO = YES;
				ONLY_ACTIVE_ARCH = YES;
				SDKROOT = iphoneos;
				SWIFT_ACTIVE_COMPILATION_CONDITIONS = DEBUG;
				SWIFT_OPTIMIZATION_LEVEL = "-Onone";
				TARGETED_DEVICE_FAMILY = "1,2";
			};
			name = Debug;
		};
		EF9BB0461E7621AA0074DD32 /* Release */ = {
			isa = XCBuildConfiguration;
			buildSettings = {
				ALWAYS_SEARCH_USER_PATHS = NO;
				CLANG_ANALYZER_NONNULL = YES;
				CLANG_CXX_LANGUAGE_STANDARD = "gnu++0x";
				CLANG_CXX_LIBRARY = "libc++";
				CLANG_ENABLE_MODULES = YES;
				CLANG_ENABLE_OBJC_ARC = YES;
				CLANG_WARN_BOOL_CONVERSION = YES;
				CLANG_WARN_CONSTANT_CONVERSION = YES;
				CLANG_WARN_DIRECT_OBJC_ISA_USAGE = YES_ERROR;
				CLANG_WARN_DOCUMENTATION_COMMENTS = YES;
				CLANG_WARN_EMPTY_BODY = YES;
				CLANG_WARN_ENUM_CONVERSION = YES;
				CLANG_WARN_INFINITE_RECURSION = YES;
				CLANG_WARN_INT_CONVERSION = YES;
				CLANG_WARN_OBJC_ROOT_CLASS = YES_ERROR;
				CLANG_WARN_SUSPICIOUS_MOVE = YES;
				CLANG_WARN_UNREACHABLE_CODE = YES;
				CLANG_WARN__DUPLICATE_METHOD_MATCH = YES;
				"CODE_SIGN_IDENTITY[sdk=iphoneos*]" = "iPhone Developer";
				COPY_PHASE_STRIP = NO;
				DEBUG_INFORMATION_FORMAT = "dwarf-with-dsym";
				ENABLE_NS_ASSERTIONS = NO;
				ENABLE_STRICT_OBJC_MSGSEND = YES;
				GCC_C_LANGUAGE_STANDARD = gnu99;
				GCC_NO_COMMON_BLOCKS = YES;
				GCC_WARN_64_TO_32_BIT_CONVERSION = YES;
				GCC_WARN_ABOUT_RETURN_TYPE = YES_ERROR;
				GCC_WARN_UNDECLARED_SELECTOR = YES;
				GCC_WARN_UNINITIALIZED_AUTOS = YES_AGGRESSIVE;
				GCC_WARN_UNUSED_FUNCTION = YES;
				GCC_WARN_UNUSED_VARIABLE = YES;
				IPHONEOS_DEPLOYMENT_TARGET = 10.2;
				MTL_ENABLE_DEBUG_INFO = NO;
				SDKROOT = iphoneos;
				SWIFT_OPTIMIZATION_LEVEL = "-Owholemodule";
				TARGETED_DEVICE_FAMILY = "1,2";
				VALIDATE_PRODUCT = YES;
			};
			name = Release;
		};
		EF9BB0481E7621AA0074DD32 /* Debug */ = {
			isa = XCBuildConfiguration;
			buildSettings = {
				ASSETCATALOG_COMPILER_APPICON_NAME = AppIcon;
				INFOPLIST_FILE = VirtualTourist/Info.plist;
				LD_RUNPATH_SEARCH_PATHS = "$(inherited) @executable_path/Frameworks";
				PRODUCT_BUNDLE_IDENTIFIER = world.hello.VirtualTourist;
				PRODUCT_NAME = "$(TARGET_NAME)";
				SWIFT_VERSION = 3.0;
			};
			name = Debug;
		};
		EF9BB0491E7621AA0074DD32 /* Release */ = {
			isa = XCBuildConfiguration;
			buildSettings = {
				ASSETCATALOG_COMPILER_APPICON_NAME = AppIcon;
				INFOPLIST_FILE = VirtualTourist/Info.plist;
				LD_RUNPATH_SEARCH_PATHS = "$(inherited) @executable_path/Frameworks";
				PRODUCT_BUNDLE_IDENTIFIER = world.hello.VirtualTourist;
				PRODUCT_NAME = "$(TARGET_NAME)";
				SWIFT_VERSION = 3.0;
			};
			name = Release;
		};
/* End XCBuildConfiguration section */

/* Begin XCConfigurationList section */
		EF9BB0301E7621AA0074DD32 /* Build configuration list for PBXProject "VirtualTourist" */ = {
			isa = XCConfigurationList;
			buildConfigurations = (
				EF9BB0451E7621AA0074DD32 /* Debug */,
				EF9BB0461E7621AA0074DD32 /* Release */,
			);
			defaultConfigurationIsVisible = 0;
			defaultConfigurationName = Release;
		};
		EF9BB0471E7621AA0074DD32 /* Build configuration list for PBXNativeTarget "VirtualTourist" */ = {
			isa = XCConfigurationList;
			buildConfigurations = (
				EF9BB0481E7621AA0074DD32 /* Debug */,
				EF9BB0491E7621AA0074DD32 /* Release */,
			);
			defaultConfigurationIsVisible = 0;
			defaultConfigurationName = Release;
		};
/* End XCConfigurationList section */

/* Begin XCVersionGroup section */
		EF9BB04E1E763F0B0074DD32 /* VirtualTourist.xcdatamodeld */ = {
			isa = XCVersionGroup;
			children = (
				EF9BB04F1E763F0B0074DD32 /* VirtualTourist.xcdatamodel */,
			);
			currentVersion = EF9BB04F1E763F0B0074DD32 /* VirtualTourist.xcdatamodel */;
			path = VirtualTourist.xcdatamodeld;
			sourceTree = "<group>";
			versionGroupType = wrapper.xcdatamodel;
		};
/* End XCVersionGroup section */
	};
	rootObject = EF9BB02D1E7621AA0074DD32 /* Project object */;
}
